
Microsoft Visual Studio Solution File, Format Version 12.00
# Visual Studio Version 17
VisualStudioVersion = 17.0.32126.317
MinimumVisualStudioVersion = 10.0.40219.1
Project("{FAE04EC0-301F-11D3-BF4B-00C04F79EFBC}") = "test", "test\test.csproj", "{94F4A8A5-4F0C-4E53-AD42-0178AC954961}"
EndProject
Global
	GlobalSection(SolutionConfigurationPlatforms) = preSolution
		Debug|Any CPU = Debug|Any CPU
		Release|Any CPU = Release|Any CPU
	EndGlobalSection
	GlobalSection(ProjectConfigurationPlatforms) = postSolution
		{94F4A8A5-4F0C-4E53-AD42-0178AC954961}.Debug|Any CPU.ActiveCfg = Debug|Any CPU
		{94F4A8A5-4F0C-4E53-AD42-0178AC954961}.Debug|Any CPU.Build.0 = Debug|Any CPU
		{94F4A8A5-4F0C-4E53-AD42-0178AC954961}.Release|Any CPU.ActiveCfg = Release|Any CPU
		{94F4A8A5-4F0C-4E53-AD42-0178AC954961}.Release|Any CPU.Build.0 = Release|Any CPU
	EndGlobalSection
	GlobalSection(SolutionProperties) = preSolution
		HideSolutionNode = FALSE
	EndGlobalSection
	GlobalSection(ExtensibilityGlobals) = postSolution
		SolutionGuid = {0DDEBA44-BC8B-49E7-B4C6-2FAF260F84FC}
	EndGlobalSection
EndGlobal
